
Microsoft Visual Studio Solution File, Format Version 12.00
# Visual Studio Version 16
VisualStudioVersion = 16.0.31624.102
MinimumVisualStudioVersion = 10.0.40219.1
Project("{FAE04EC0-301F-11D3-BF4B-00C04F79EFBC}") = "ConsoleApp1", "ConsoleApp1.csproj", "{D9E506FE-C826-41DA-83AA-3C0CD7F961A8}"
EndProject
Project("{FAE04EC0-301F-11D3-BF4B-00C04F79EFBC}") = "TestProject1", "..\TestProject1\TestProject1.csproj", "{7C330640-C369-439A-A78E-9FA107640181}"
EndProject
Global
	GlobalSection(SolutionConfigurationPlatforms) = preSolution
		Debug|Any CPU = Debug|Any CPU
		Release|Any CPU = Release|Any CPU
	EndGlobalSection
	GlobalSection(ProjectConfigurationPlatforms) = postSolution
		{D9E506FE-C826-41DA-83AA-3C0CD7F961A8}.Debug|Any CPU.ActiveCfg = Debug|Any CPU
		{D9E506FE-C826-41DA-83AA-3C0CD7F961A8}.Debug|Any CPU.Build.0 = Debug|Any CPU
		{D9E506FE-C826-41DA-83AA-3C0CD7F961A8}.Release|Any CPU.ActiveCfg = Release|Any CPU
		{D9E506FE-C826-41DA-83AA-3C0CD7F961A8}.Release|Any CPU.Build.0 = Release|Any CPU
		{7C330640-C369-439A-A78E-9FA107640181}.Debug|Any CPU.ActiveCfg = Debug|Any CPU
		{7C330640-C369-439A-A78E-9FA107640181}.Debug|Any CPU.Build.0 = Debug|Any CPU
		{7C330640-C369-439A-A78E-9FA107640181}.Release|Any CPU.ActiveCfg = Release|Any CPU
		{7C330640-C369-439A-A78E-9FA107640181}.Release|Any CPU.Build.0 = Release|Any CPU
	EndGlobalSection
	GlobalSection(SolutionProperties) = preSolution
		HideSolutionNode = FALSE
	EndGlobalSection
	GlobalSection(ExtensibilityGlobals) = postSolution
		SolutionGuid = {27F33553-FCBE-4F42-AF0D-13C468BF3573}
	EndGlobalSection
EndGlobal
